
Microsoft Visual Studio Solution File, Format Version 12.00
# Visual Studio 2012
Project("{FAE04EC0-301F-11D3-BF4B-00C04F79EFBC}") = "oscript-zabbixsender", "ZabbixSenderComponent\oscript-zabbixsender.csproj", "{15D3C678-1BD8-4D13-865C-753091288951}"
EndProject
Project("{FAE04EC0-301F-11D3-BF4B-00C04F79EFBC}") = "TestApp", "TestApp\TestApp.csproj", "{EFFB5754-9D8D-4014-A5A4-6BFFCFBA0F80}"
EndProject
Global
	GlobalSection(SolutionConfigurationPlatforms) = preSolution
		Debug|Any CPU = Debug|Any CPU
		Release|Any CPU = Release|Any CPU
	EndGlobalSection
	GlobalSection(ProjectConfigurationPlatforms) = postSolution
		{15D3C678-1BD8-4D13-865C-753091288951}.Debug|Any CPU.ActiveCfg = Debug|Any CPU
		{15D3C678-1BD8-4D13-865C-753091288951}.Debug|Any CPU.Build.0 = Debug|Any CPU
		{15D3C678-1BD8-4D13-865C-753091288951}.Release|Any CPU.ActiveCfg = Release|Any CPU
		{15D3C678-1BD8-4D13-865C-753091288951}.Release|Any CPU.Build.0 = Release|Any CPU
		{EFFB5754-9D8D-4014-A5A4-6BFFCFBA0F80}.Debug|Any CPU.ActiveCfg = Debug|Any CPU
		{EFFB5754-9D8D-4014-A5A4-6BFFCFBA0F80}.Debug|Any CPU.Build.0 = Debug|Any CPU
		{EFFB5754-9D8D-4014-A5A4-6BFFCFBA0F80}.Release|Any CPU.ActiveCfg = Release|Any CPU
		{EFFB5754-9D8D-4014-A5A4-6BFFCFBA0F80}.Release|Any CPU.Build.0 = Release|Any CPU
	EndGlobalSection
EndGlobal
